
Microsoft Visual Studio Solution File, Format Version 12.00
Project("{FAE04EC0-301F-11D3-BF4B-00C04F79EFBC}") = "EditorMTZ", "EditorMTZ\EditorMTZ.csproj", "{7054243D-4B4D-496D-96ED-1B1939595A51}"
EndProject
Project("{FAE04EC0-301F-11D3-BF4B-00C04F79EFBC}") = "EditorMTZApi", "EditorMTZApi\EditorMTZApi.csproj", "{581964CF-D692-498C-96B9-25B88F5019F3}"
EndProject
Project("{FAE04EC0-301F-11D3-BF4B-00C04F79EFBC}") = "TodoItems", "TodoItems\TodoItems.csproj", "{803D7D56-E392-418B-BCD1-1879EE0E1E90}"
EndProject
Project("{FAE04EC0-301F-11D3-BF4B-00C04F79EFBC}") = "LearningLibrary", "LearningLibrary\LearningLibrary.csproj", "{9836EAA7-9AC8-43EF-A9AA-A9CE9ADA0E01}"
EndProject
Global
	GlobalSection(SolutionConfigurationPlatforms) = preSolution
		Debug|Any CPU = Debug|Any CPU
		Release|Any CPU = Release|Any CPU
	EndGlobalSection
	GlobalSection(ProjectConfigurationPlatforms) = postSolution
		{7054243D-4B4D-496D-96ED-1B1939595A51}.Debug|Any CPU.ActiveCfg = Debug|Any CPU
		{7054243D-4B4D-496D-96ED-1B1939595A51}.Debug|Any CPU.Build.0 = Debug|Any CPU
		{7054243D-4B4D-496D-96ED-1B1939595A51}.Release|Any CPU.ActiveCfg = Release|Any CPU
		{7054243D-4B4D-496D-96ED-1B1939595A51}.Release|Any CPU.Build.0 = Release|Any CPU
		{581964CF-D692-498C-96B9-25B88F5019F3}.Debug|Any CPU.ActiveCfg = Debug|Any CPU
		{581964CF-D692-498C-96B9-25B88F5019F3}.Debug|Any CPU.Build.0 = Debug|Any CPU
		{581964CF-D692-498C-96B9-25B88F5019F3}.Release|Any CPU.ActiveCfg = Release|Any CPU
		{581964CF-D692-498C-96B9-25B88F5019F3}.Release|Any CPU.Build.0 = Release|Any CPU
		{803D7D56-E392-418B-BCD1-1879EE0E1E90}.Debug|Any CPU.ActiveCfg = Debug|Any CPU
		{803D7D56-E392-418B-BCD1-1879EE0E1E90}.Debug|Any CPU.Build.0 = Debug|Any CPU
		{803D7D56-E392-418B-BCD1-1879EE0E1E90}.Release|Any CPU.ActiveCfg = Release|Any CPU
		{803D7D56-E392-418B-BCD1-1879EE0E1E90}.Release|Any CPU.Build.0 = Release|Any CPU
		{9836EAA7-9AC8-43EF-A9AA-A9CE9ADA0E01}.Debug|Any CPU.ActiveCfg = Debug|Any CPU
		{9836EAA7-9AC8-43EF-A9AA-A9CE9ADA0E01}.Debug|Any CPU.Build.0 = Debug|Any CPU
		{9836EAA7-9AC8-43EF-A9AA-A9CE9ADA0E01}.Release|Any CPU.ActiveCfg = Release|Any CPU
		{9836EAA7-9AC8-43EF-A9AA-A9CE9ADA0E01}.Release|Any CPU.Build.0 = Release|Any CPU
	EndGlobalSection
EndGlobal
